// !$*UTF8*$!
{
	archiveVersion = 1;
	classes = {
	};
	objectVersion = 50;
	objects = {

/* Begin PBXBuildFile section */
		DDB72B782613275900D078A1 /* AppDelegate.swift in Sources */ = {isa = PBXBuildFile; fileRef = DDB72B772613275900D078A1 /* AppDelegate.swift */; };
		DDB72B7A2613275900D078A1 /* ViewController.swift in Sources */ = {isa = PBXBuildFile; fileRef = DDB72B792613275900D078A1 /* ViewController.swift */; };
		DDB72B7C2613275900D078A1 /* Experience.rcproject in Sources */ = {isa = PBXBuildFile; fileRef = DDB72B7B2613275900D078A1 /* Experience.rcproject */; };
		DDB72B7F2613275900D078A1 /* Main.storyboard in Resources */ = {isa = PBXBuildFile; fileRef = DDB72B7D2613275900D078A1 /* Main.storyboard */; };
		DDB72B812613275B00D078A1 /* Assets.xcassets in Resources */ = {isa = PBXBuildFile; fileRef = DDB72B802613275B00D078A1 /* Assets.xcassets */; };
		DDB72B842613275B00D078A1 /* LaunchScreen.storyboard in Resources */ = {isa = PBXBuildFile; fileRef = DDB72B822613275B00D078A1 /* LaunchScreen.storyboard */; };
		DDB72B8F2613275B00D078A1 /* interspace_arkit_poc_browserTests.swift in Sources */ = {isa = PBXBuildFile; fileRef = DDB72B8E2613275B00D078A1 /* interspace_arkit_poc_browserTests.swift */; };
		DDB72B9A2613275B00D078A1 /* interspace_arkit_poc_browserUITests.swift in Sources */ = {isa = PBXBuildFile; fileRef = DDB72B992613275B00D078A1 /* interspace_arkit_poc_browserUITests.swift */; };
/* End PBXBuildFile section */

/* Begin PBXContainerItemProxy section */
		DDB72B8B2613275B00D078A1 /* PBXContainerItemProxy */ = {
			isa = PBXContainerItemProxy;
			containerPortal = DDB72B6C2613275900D078A1 /* Project object */;
			proxyType = 1;
			remoteGlobalIDString = DDB72B732613275900D078A1;
			remoteInfo = "interspace-arkit-poc-browser";
		};
		DDB72B962613275B00D078A1 /* PBXContainerItemProxy */ = {
			isa = PBXContainerItemProxy;
			containerPortal = DDB72B6C2613275900D078A1 /* Project object */;
			proxyType = 1;
			remoteGlobalIDString = DDB72B732613275900D078A1;
			remoteInfo = "interspace-arkit-poc-browser";
		};
/* End PBXContainerItemProxy section */

/* Begin PBXFileReference section */
		DDB72B742613275900D078A1 /* interspace-arkit-poc-browser.app */ = {isa = PBXFileReference; explicitFileType = wrapper.application; includeInIndex = 0; path = "interspace-arkit-poc-browser.app"; sourceTree = BUILT_PRODUCTS_DIR; };
		DDB72B772613275900D078A1 /* AppDelegate.swift */ = {isa = PBXFileReference; lastKnownFileType = sourcecode.swift; path = AppDelegate.swift; sourceTree = "<group>"; };
		DDB72B792613275900D078A1 /* ViewController.swift */ = {isa = PBXFileReference; lastKnownFileType = sourcecode.swift; path = ViewController.swift; sourceTree = "<group>"; };
		DDB72B7B2613275900D078A1 /* Experience.rcproject */ = {isa = PBXFileReference; lastKnownFileType = file.rcproject; path = Experience.rcproject; sourceTree = "<group>"; };
		DDB72B7E2613275900D078A1 /* Base */ = {isa = PBXFileReference; lastKnownFileType = file.storyboard; name = Base; path = Base.lproj/Main.storyboard; sourceTree = "<group>"; };
		DDB72B802613275B00D078A1 /* Assets.xcassets */ = {isa = PBXFileReference; lastKnownFileType = folder.assetcatalog; path = Assets.xcassets; sourceTree = "<group>"; };
		DDB72B832613275B00D078A1 /* Base */ = {isa = PBXFileReference; lastKnownFileType = file.storyboard; name = Base; path = Base.lproj/LaunchScreen.storyboard; sourceTree = "<group>"; };
		DDB72B852613275B00D078A1 /* Info.plist */ = {isa = PBXFileReference; lastKnownFileType = text.plist.xml; path = Info.plist; sourceTree = "<group>"; };
		DDB72B8A2613275B00D078A1 /* interspace-arkit-poc-browserTests.xctest */ = {isa = PBXFileReference; explicitFileType = wrapper.cfbundle; includeInIndex = 0; path = "interspace-arkit-poc-browserTests.xctest"; sourceTree = BUILT_PRODUCTS_DIR; };
		DDB72B8E2613275B00D078A1 /* interspace_arkit_poc_browserTests.swift */ = {isa = PBXFileReference; lastKnownFileType = sourcecode.swift; path = interspace_arkit_poc_browserTests.swift; sourceTree = "<group>"; };
		DDB72B902613275B00D078A1 /* Info.plist */ = {isa = PBXFileReference; lastKnownFileType = text.plist.xml; path = Info.plist; sourceTree = "<group>"; };
		DDB72B952613275B00D078A1 /* interspace-arkit-poc-browserUITests.xctest */ = {isa = PBXFileReference; explicitFileType = wrapper.cfbundle; includeInIndex = 0; path = "interspace-arkit-poc-browserUITests.xctest"; sourceTree = BUILT_PRODUCTS_DIR; };
		DDB72B992613275B00D078A1 /* interspace_arkit_poc_browserUITests.swift */ = {isa = PBXFileReference; lastKnownFileType = sourcecode.swift; path = interspace_arkit_poc_browserUITests.swift; sourceTree = "<group>"; };
		DDB72B9B2613275B00D078A1 /* Info.plist */ = {isa = PBXFileReference; lastKnownFileType = text.plist.xml; path = Info.plist; sourceTree = "<group>"; };
/* End PBXFileReference section */

/* Begin PBXFrameworksBuildPhase section */
		DDB72B712613275900D078A1 /* Frameworks */ = {
			isa = PBXFrameworksBuildPhase;
			buildActionMask = 2147483647;
			files = (
			);
			runOnlyForDeploymentPostprocessing = 0;
		};
		DDB72B872613275B00D078A1 /* Frameworks */ = {
			isa = PBXFrameworksBuildPhase;
			buildActionMask = 2147483647;
			files = (
			);
			runOnlyForDeploymentPostprocessing = 0;
		};
		DDB72B922613275B00D078A1 /* Frameworks */ = {
			isa = PBXFrameworksBuildPhase;
			buildActionMask = 2147483647;
			files = (
			);
			runOnlyForDeploymentPostprocessing = 0;
		};
/* End PBXFrameworksBuildPhase section */

/* Begin PBXGroup section */
		DDB72B6B2613275900D078A1 = {
			isa = PBXGroup;
			children = (
				DDB72B762613275900D078A1 /* interspace-arkit-poc-browser */,
				DDB72B8D2613275B00D078A1 /* interspace-arkit-poc-browserTests */,
				DDB72B982613275B00D078A1 /* interspace-arkit-poc-browserUITests */,
				DDB72B752613275900D078A1 /* Products */,
			);
			sourceTree = "<group>";
		};
		DDB72B752613275900D078A1 /* Products */ = {
			isa = PBXGroup;
			children = (
				DDB72B742613275900D078A1 /* interspace-arkit-poc-browser.app */,
				DDB72B8A2613275B00D078A1 /* interspace-arkit-poc-browserTests.xctest */,
				DDB72B952613275B00D078A1 /* interspace-arkit-poc-browserUITests.xctest */,
			);
			name = Products;
			sourceTree = "<group>";
		};
		DDB72B762613275900D078A1 /* interspace-arkit-poc-browser */ = {
			isa = PBXGroup;
			children = (
				DDB72B772613275900D078A1 /* AppDelegate.swift */,
				DDB72B792613275900D078A1 /* ViewController.swift */,
				DDB72B7B2613275900D078A1 /* Experience.rcproject */,
				DDB72B7D2613275900D078A1 /* Main.storyboard */,
				DDB72B802613275B00D078A1 /* Assets.xcassets */,
				DDB72B822613275B00D078A1 /* LaunchScreen.storyboard */,
				DDB72B852613275B00D078A1 /* Info.plist */,
			);
			path = "interspace-arkit-poc-browser";
			sourceTree = "<group>";
		};
		DDB72B8D2613275B00D078A1 /* interspace-arkit-poc-browserTests */ = {
			isa = PBXGroup;
			children = (
				DDB72B8E2613275B00D078A1 /* interspace_arkit_poc_browserTests.swift */,
				DDB72B902613275B00D078A1 /* Info.plist */,
			);
			path = "interspace-arkit-poc-browserTests";
			sourceTree = "<group>";
		};
		DDB72B982613275B00D078A1 /* interspace-arkit-poc-browserUITests */ = {
			isa = PBXGroup;
			children = (
				DDB72B992613275B00D078A1 /* interspace_arkit_poc_browserUITests.swift */,
				DDB72B9B2613275B00D078A1 /* Info.plist */,
			);
			path = "interspace-arkit-poc-browserUITests";
			sourceTree = "<group>";
		};
/* End PBXGroup section */

/* Begin PBXNativeTarget section */
		DDB72B732613275900D078A1 /* interspace-arkit-poc-browser */ = {
			isa = PBXNativeTarget;
			buildConfigurationList = DDB72B9E2613275B00D078A1 /* Build configuration list for PBXNativeTarget "interspace-arkit-poc-browser" */;
			buildPhases = (
				DDB72B702613275900D078A1 /* Sources */,
				DDB72B712613275900D078A1 /* Frameworks */,
				DDB72B722613275900D078A1 /* Resources */,
			);
			buildRules = (
			);
			dependencies = (
			);
			name = "interspace-arkit-poc-browser";
			productName = "interspace-arkit-poc-browser";
			productReference = DDB72B742613275900D078A1 /* interspace-arkit-poc-browser.app */;
			productType = "com.apple.product-type.application";
		};
		DDB72B892613275B00D078A1 /* interspace-arkit-poc-browserTests */ = {
			isa = PBXNativeTarget;
			buildConfigurationList = DDB72BA12613275B00D078A1 /* Build configuration list for PBXNativeTarget "interspace-arkit-poc-browserTests" */;
			buildPhases = (
				DDB72B862613275B00D078A1 /* Sources */,
				DDB72B872613275B00D078A1 /* Frameworks */,
				DDB72B882613275B00D078A1 /* Resources */,
			);
			buildRules = (
			);
			dependencies = (
				DDB72B8C2613275B00D078A1 /* PBXTargetDependency */,
			);
			name = "interspace-arkit-poc-browserTests";
			productName = "interspace-arkit-poc-browserTests";
			productReference = DDB72B8A2613275B00D078A1 /* interspace-arkit-poc-browserTests.xctest */;
			productType = "com.apple.product-type.bundle.unit-test";
		};
		DDB72B942613275B00D078A1 /* interspace-arkit-poc-browserUITests */ = {
			isa = PBXNativeTarget;
			buildConfigurationList = DDB72BA42613275B00D078A1 /* Build configuration list for PBXNativeTarget "interspace-arkit-poc-browserUITests" */;
			buildPhases = (
				DDB72B912613275B00D078A1 /* Sources */,
				DDB72B922613275B00D078A1 /* Frameworks */,
				DDB72B932613275B00D078A1 /* Resources */,
			);
			buildRules = (
			);
			dependencies = (
				DDB72B972613275B00D078A1 /* PBXTargetDependency */,
			);
			name = "interspace-arkit-poc-browserUITests";
			productName = "interspace-arkit-poc-browserUITests";
			productReference = DDB72B952613275B00D078A1 /* interspace-arkit-poc-browserUITests.xctest */;
			productType = "com.apple.product-type.bundle.ui-testing";
		};
/* End PBXNativeTarget section */

/* Begin PBXProject section */
		DDB72B6C2613275900D078A1 /* Project object */ = {
			isa = PBXProject;
			attributes = {
				LastSwiftUpdateCheck = 1240;
				LastUpgradeCheck = 1240;
				TargetAttributes = {
					DDB72B732613275900D078A1 = {
						CreatedOnToolsVersion = 12.4;
					};
					DDB72B892613275B00D078A1 = {
						CreatedOnToolsVersion = 12.4;
						TestTargetID = DDB72B732613275900D078A1;
					};
					DDB72B942613275B00D078A1 = {
						CreatedOnToolsVersion = 12.4;
						TestTargetID = DDB72B732613275900D078A1;
					};
				};
			};
			buildConfigurationList = DDB72B6F2613275900D078A1 /* Build configuration list for PBXProject "interspace-arkit-poc-browser" */;
			compatibilityVersion = "Xcode 9.3";
			developmentRegion = en;
			hasScannedForEncodings = 0;
			knownRegions = (
				en,
				Base,
			);
			mainGroup = DDB72B6B2613275900D078A1;
			productRefGroup = DDB72B752613275900D078A1 /* Products */;
			projectDirPath = "";
			projectRoot = "";
			targets = (
				DDB72B732613275900D078A1 /* interspace-arkit-poc-browser */,
				DDB72B892613275B00D078A1 /* interspace-arkit-poc-browserTests */,
				DDB72B942613275B00D078A1 /* interspace-arkit-poc-browserUITests */,
			);
		};
/* End PBXProject section */

/* Begin PBXResourcesBuildPhase section */
		DDB72B722613275900D078A1 /* Resources */ = {
			isa = PBXResourcesBuildPhase;
			buildActionMask = 2147483647;
			files = (
				DDB72B842613275B00D078A1 /* LaunchScreen.storyboard in Resources */,
				DDB72B812613275B00D078A1 /* Assets.xcassets in Resources */,
				DDB72B7F2613275900D078A1 /* Main.storyboard in Resources */,
			);
			runOnlyForDeploymentPostprocessing = 0;
		};
		DDB72B882613275B00D078A1 /* Resources */ = {
			isa = PBXResourcesBuildPhase;
			buildActionMask = 2147483647;
			files = (
			);
			runOnlyForDeploymentPostprocessing = 0;
		};
		DDB72B932613275B00D078A1 /* Resources */ = {
			isa = PBXResourcesBuildPhase;
			buildActionMask = 2147483647;
			files = (
			);
			runOnlyForDeploymentPostprocessing = 0;
		};
/* End PBXResourcesBuildPhase section */

/* Begin PBXSourcesBuildPhase section */
		DDB72B702613275900D078A1 /* Sources */ = {
			isa = PBXSourcesBuildPhase;
			buildActionMask = 2147483647;
			files = (
				DDB72B7A2613275900D078A1 /* ViewController.swift in Sources */,
				DDB72B782613275900D078A1 /* AppDelegate.swift in Sources */,
				DDB72B7C2613275900D078A1 /* Experience.rcproject in Sources */,
			);
			runOnlyForDeploymentPostprocessing = 0;
		};
		DDB72B862613275B00D078A1 /* Sources */ = {
			isa = PBXSourcesBuildPhase;
			buildActionMask = 2147483647;
			files = (
				DDB72B8F2613275B00D078A1 /* interspace_arkit_poc_browserTests.swift in Sources */,
			);
			runOnlyForDeploymentPostprocessing = 0;
		};
		DDB72B912613275B00D078A1 /* Sources */ = {
			isa = PBXSourcesBuildPhase;
			buildActionMask = 2147483647;
			files = (
				DDB72B9A2613275B00D078A1 /* interspace_arkit_poc_browserUITests.swift in Sources */,
			);
			runOnlyForDeploymentPostprocessing = 0;
		};
/* End PBXSourcesBuildPhase section */

/* Begin PBXTargetDependency section */
		DDB72B8C2613275B00D078A1 /* PBXTargetDependency */ = {
			isa = PBXTargetDependency;
			target = DDB72B732613275900D078A1 /* interspace-arkit-poc-browser */;
			targetProxy = DDB72B8B2613275B00D078A1 /* PBXContainerItemProxy */;
		};
		DDB72B972613275B00D078A1 /* PBXTargetDependency */ = {
			isa = PBXTargetDependency;
			target = DDB72B732613275900D078A1 /* interspace-arkit-poc-browser */;
			targetProxy = DDB72B962613275B00D078A1 /* PBXContainerItemProxy */;
		};
/* End PBXTargetDependency section */

/* Begin PBXVariantGroup section */
		DDB72B7D2613275900D078A1 /* Main.storyboard */ = {
			isa = PBXVariantGroup;
			children = (
				DDB72B7E2613275900D078A1 /* Base */,
			);
			name = Main.storyboard;
			sourceTree = "<group>";
		};
		DDB72B822613275B00D078A1 /* LaunchScreen.storyboard */ = {
			isa = PBXVariantGroup;
			children = (
				DDB72B832613275B00D078A1 /* Base */,
			);
			name = LaunchScreen.storyboard;
			sourceTree = "<group>";
		};
/* End PBXVariantGroup section */

/* Begin XCBuildConfiguration section */
		DDB72B9C2613275B00D078A1 /* Debug */ = {
			isa = XCBuildConfiguration;
			buildSettings = {
				ALWAYS_SEARCH_USER_PATHS = NO;
				CLANG_ANALYZER_NONNULL = YES;
				CLANG_ANALYZER_NUMBER_OBJECT_CONVERSION = YES_AGGRESSIVE;
				CLANG_CXX_LANGUAGE_STANDARD = "gnu++14";
				CLANG_CXX_LIBRARY = "libc++";
				CLANG_ENABLE_MODULES = YES;
				CLANG_ENABLE_OBJC_ARC = YES;
				CLANG_ENABLE_OBJC_WEAK = YES;
				CLANG_WARN_BLOCK_CAPTURE_AUTORELEASING = YES;
				CLANG_WARN_BOOL_CONVERSION = YES;
				CLANG_WARN_COMMA = YES;
				CLANG_WARN_CONSTANT_CONVERSION = YES;
				CLANG_WARN_DEPRECATED_OBJC_IMPLEMENTATIONS = YES;
				CLANG_WARN_DIRECT_OBJC_ISA_USAGE = YES_ERROR;
				CLANG_WARN_DOCUMENTATION_COMMENTS = YES;
				CLANG_WARN_EMPTY_BODY = YES;
				CLANG_WARN_ENUM_CONVERSION = YES;
				CLANG_WARN_INFINITE_RECURSION = YES;
				CLANG_WARN_INT_CONVERSION = YES;
				CLANG_WARN_NON_LITERAL_NULL_CONVERSION = YES;
				CLANG_WARN_OBJC_IMPLICIT_RETAIN_SELF = YES;
				CLANG_WARN_OBJC_LITERAL_CONVERSION = YES;
				CLANG_WARN_OBJC_ROOT_CLASS = YES_ERROR;
				CLANG_WARN_QUOTED_INCLUDE_IN_FRAMEWORK_HEADER = YES;
				CLANG_WARN_RANGE_LOOP_ANALYSIS = YES;
				CLANG_WARN_STRICT_PROTOTYPES = YES;
				CLANG_WARN_SUSPICIOUS_MOVE = YES;
				CLANG_WARN_UNGUARDED_AVAILABILITY = YES_AGGRESSIVE;
				CLANG_WARN_UNREACHABLE_CODE = YES;
				CLANG_WARN__DUPLICATE_METHOD_MATCH = YES;
				COPY_PHASE_STRIP = NO;
				DEBUG_INFORMATION_FORMAT = dwarf;
				ENABLE_STRICT_OBJC_MSGSEND = YES;
				ENABLE_TESTABILITY = YES;
				GCC_C_LANGUAGE_STANDARD = gnu11;
				GCC_DYNAMIC_NO_PIC = NO;
				GCC_NO_COMMON_BLOCKS = YES;
				GCC_OPTIMIZATION_LEVEL = 0;
				GCC_PREPROCESSOR_DEFINITIONS = (
					"DEBUG=1",
					"$(inherited)",
				);
				GCC_WARN_64_TO_32_BIT_CONVERSION = YES;
				GCC_WARN_ABOUT_RETURN_TYPE = YES_ERROR;
				GCC_WARN_UNDECLARED_SELECTOR = YES;
				GCC_WARN_UNINITIALIZED_AUTOS = YES_AGGRESSIVE;
				GCC_WARN_UNUSED_FUNCTION = YES;
				GCC_WARN_UNUSED_VARIABLE = YES;
				IPHONEOS_DEPLOYMENT_TARGET = 14.4;
				MTL_ENABLE_DEBUG_INFO = INCLUDE_SOURCE;
				MTL_FAST_MATH = YES;
				ONLY_ACTIVE_ARCH = YES;
				SDKROOT = iphoneos;
				SWIFT_ACTIVE_COMPILATION_CONDITIONS = DEBUG;
				SWIFT_OPTIMIZATION_LEVEL = "-Onone";
			};
			name = Debug;
		};
		DDB72B9D2613275B00D078A1 /* Release */ = {
			isa = XCBuildConfiguration;
			buildSettings = {
				ALWAYS_SEARCH_USER_PATHS = NO;
				CLANG_ANALYZER_NONNULL = YES;
				CLANG_ANALYZER_NUMBER_OBJECT_CONVERSION = YES_AGGRESSIVE;
				CLANG_CXX_LANGUAGE_STANDARD = "gnu++14";
				CLANG_CXX_LIBRARY = "libc++";
				CLANG_ENABLE_MODULES = YES;
				CLANG_ENABLE_OBJC_ARC = YES;
				CLANG_ENABLE_OBJC_WEAK = YES;
				CLANG_WARN_BLOCK_CAPTURE_AUTORELEASING = YES;
				CLANG_WARN_BOOL_CONVERSION = YES;
				CLANG_WARN_COMMA = YES;
				CLANG_WARN_CONSTANT_CONVERSION = YES;
				CLANG_WARN_DEPRECATED_OBJC_IMPLEMENTATIONS = YES;
				CLANG_WARN_DIRECT_OBJC_ISA_USAGE = YES_ERROR;
				CLANG_WARN_DOCUMENTATION_COMMENTS = YES;
				CLANG_WARN_EMPTY_BODY = YES;
				CLANG_WARN_ENUM_CONVERSION = YES;
				CLANG_WARN_INFINITE_RECURSION = YES;
				CLANG_WARN_INT_CONVERSION = YES;
				CLANG_WARN_NON_LITERAL_NULL_CONVERSION = YES;
				CLANG_WARN_OBJC_IMPLICIT_RETAIN_SELF = YES;
				CLANG_WARN_OBJC_LITERAL_CONVERSION = YES;
				CLANG_WARN_OBJC_ROOT_CLASS = YES_ERROR;
				CLANG_WARN_QUOTED_INCLUDE_IN_FRAMEWORK_HEADER = YES;
				CLANG_WARN_RANGE_LOOP_ANALYSIS = YES;
				CLANG_WARN_STRICT_PROTOTYPES = YES;
				CLANG_WARN_SUSPICIOUS_MOVE = YES;
				CLANG_WARN_UNGUARDED_AVAILABILITY = YES_AGGRESSIVE;
				CLANG_WARN_UNREACHABLE_CODE = YES;
				CLANG_WARN__DUPLICATE_METHOD_MATCH = YES;
				COPY_PHASE_STRIP = NO;
				DEBUG_INFORMATION_FORMAT = "dwarf-with-dsym";
				ENABLE_NS_ASSERTIONS = NO;
				ENABLE_STRICT_OBJC_MSGSEND = YES;
				GCC_C_LANGUAGE_STANDARD = gnu11;
				GCC_NO_COMMON_BLOCKS = YES;
				GCC_WARN_64_TO_32_BIT_CONVERSION = YES;
				GCC_WARN_ABOUT_RETURN_TYPE = YES_ERROR;
				GCC_WARN_UNDECLARED_SELECTOR = YES;
				GCC_WARN_UNINITIALIZED_AUTOS = YES_AGGRESSIVE;
				GCC_WARN_UNUSED_FUNCTION = YES;
				GCC_WARN_UNUSED_VARIABLE = YES;
				IPHONEOS_DEPLOYMENT_TARGET = 14.4;
				MTL_ENABLE_DEBUG_INFO = NO;
				MTL_FAST_MATH = YES;
				SDKROOT = iphoneos;
				SWIFT_COMPILATION_MODE = wholemodule;
				SWIFT_OPTIMIZATION_LEVEL = "-O";
				VALIDATE_PRODUCT = YES;
			};
			name = Release;
		};
		DDB72B9F2613275B00D078A1 /* Debug */ = {
			isa = XCBuildConfiguration;
			buildSettings = {
				ASSETCATALOG_COMPILER_APPICON_NAME = AppIcon;
				ASSETCATALOG_COMPILER_GLOBAL_ACCENT_COLOR_NAME = AccentColor;
				CODE_SIGN_STYLE = Automatic;
				DEVELOPMENT_TEAM = W73V4N749D;
				INFOPLIST_FILE = "interspace-arkit-poc-browser/Info.plist";
				LD_RUNPATH_SEARCH_PATHS = (
					"$(inherited)",
					"@executable_path/Frameworks",
				);
				PRODUCT_BUNDLE_IDENTIFIER = "upgradehuman.interspace-arkit-poc-browser";
				PRODUCT_NAME = "$(TARGET_NAME)";
				SWIFT_VERSION = 5.0;
				TARGETED_DEVICE_FAMILY = "1,2";
			};
			name = Debug;
		};
		DDB72BA02613275B00D078A1 /* Release */ = {
			isa = XCBuildConfiguration;
			buildSettings = {
				ASSETCATALOG_COMPILER_APPICON_NAME = AppIcon;
				ASSETCATALOG_COMPILER_GLOBAL_ACCENT_COLOR_NAME = AccentColor;
				CODE_SIGN_STYLE = Automatic;
				DEVELOPMENT_TEAM = W73V4N749D;
				INFOPLIST_FILE = "interspace-arkit-poc-browser/Info.plist";
				LD_RUNPATH_SEARCH_PATHS = (
					"$(inherited)",
					"@executable_path/Frameworks",
				);
				PRODUCT_BUNDLE_IDENTIFIER = "upgradehuman.interspace-arkit-poc-browser";
				PRODUCT_NAME = "$(TARGET_NAME)";
				SWIFT_VERSION = 5.0;
				TARGETED_DEVICE_FAMILY = "1,2";
			};
			name = Release;
		};
		DDB72BA22613275B00D078A1 /* Debug */ = {
			isa = XCBuildConfiguration;
			buildSettings = {
				ALWAYS_EMBED_SWIFT_STANDARD_LIBRARIES = YES;
				BUNDLE_LOADER = "$(TEST_HOST)";
				CODE_SIGN_STYLE = Automatic;
				INFOPLIST_FILE = "interspace-arkit-poc-browserTests/Info.plist";
				IPHONEOS_DEPLOYMENT_TARGET = 14.4;
				LD_RUNPATH_SEARCH_PATHS = (
					"$(inherited)",
					"@executable_path/Frameworks",
					"@loader_path/Frameworks",
				);
				PRODUCT_BUNDLE_IDENTIFIER = "upgradehuman.interspace-arkit-poc-browserTests";
				PRODUCT_NAME = "$(TARGET_NAME)";
				SWIFT_VERSION = 5.0;
				TARGETED_DEVICE_FAMILY = "1,2";
				TEST_HOST = "$(BUILT_PRODUCTS_DIR)/interspace-arkit-poc-browser.app/interspace-arkit-poc-browser";
			};
			name = Debug;
		};
		DDB72BA32613275B00D078A1 /* Release */ = {
			isa = XCBuildConfiguration;
			buildSettings = {
				ALWAYS_EMBED_SWIFT_STANDARD_LIBRARIES = YES;
				BUNDLE_LOADER = "$(TEST_HOST)";
				CODE_SIGN_STYLE = Automatic;
				INFOPLIST_FILE = "interspace-arkit-poc-browserTests/Info.plist";
				IPHONEOS_DEPLOYMENT_TARGET = 14.4;
				LD_RUNPATH_SEARCH_PATHS = (
					"$(inherited)",
					"@executable_path/Frameworks",
					"@loader_path/Frameworks",
				);
				PRODUCT_BUNDLE_IDENTIFIER = "upgradehuman.interspace-arkit-poc-browserTests";
				PRODUCT_NAME = "$(TARGET_NAME)";
				SWIFT_VERSION = 5.0;
				TARGETED_DEVICE_FAMILY = "1,2";
				TEST_HOST = "$(BUILT_PRODUCTS_DIR)/interspace-arkit-poc-browser.app/interspace-arkit-poc-browser";
			};
			name = Release;
		};
		DDB72BA52613275B00D078A1 /* Debug */ = {
			isa = XCBuildConfiguration;
			buildSettings = {
				ALWAYS_EMBED_SWIFT_STANDARD_LIBRARIES = YES;
				CODE_SIGN_STYLE = Automatic;
				INFOPLIST_FILE = "interspace-arkit-poc-browserUITests/Info.plist";
				LD_RUNPATH_SEARCH_PATHS = (
					"$(inherited)",
					"@executable_path/Frameworks",
					"@loader_path/Frameworks",
				);
				PRODUCT_BUNDLE_IDENTIFIER = "upgradehuman.interspace-arkit-poc-browserUITests";
				PRODUCT_NAME = "$(TARGET_NAME)";
				SWIFT_VERSION = 5.0;
				TARGETED_DEVICE_FAMILY = "1,2";
				TEST_TARGET_NAME = "interspace-arkit-poc-browser";
			};
			name = Debug;
		};
		DDB72BA62613275B00D078A1 /* Release */ = {
			isa = XCBuildConfiguration;
			buildSettings = {
				ALWAYS_EMBED_SWIFT_STANDARD_LIBRARIES = YES;
				CODE_SIGN_STYLE = Automatic;
				INFOPLIST_FILE = "interspace-arkit-poc-browserUITests/Info.plist";
				LD_RUNPATH_SEARCH_PATHS = (
					"$(inherited)",
					"@executable_path/Frameworks",
					"@loader_path/Frameworks",
				);
				PRODUCT_BUNDLE_IDENTIFIER = "upgradehuman.interspace-arkit-poc-browserUITests";
				PRODUCT_NAME = "$(TARGET_NAME)";
				SWIFT_VERSION = 5.0;
				TARGETED_DEVICE_FAMILY = "1,2";
				TEST_TARGET_NAME = "interspace-arkit-poc-browser";
			};
			name = Release;
		};
/* End XCBuildConfiguration section */

/* Begin XCConfigurationList section */
		DDB72B6F2613275900D078A1 /* Build configuration list for PBXProject "interspace-arkit-poc-browser" */ = {
			isa = XCConfigurationList;
			buildConfigurations = (
				DDB72B9C2613275B00D078A1 /* Debug */,
				DDB72B9D2613275B00D078A1 /* Release */,
			);
			defaultConfigurationIsVisible = 0;
			defaultConfigurationName = Release;
		};
		DDB72B9E2613275B00D078A1 /* Build configuration list for PBXNativeTarget "interspace-arkit-poc-browser" */ = {
			isa = XCConfigurationList;
			buildConfigurations = (
				DDB72B9F2613275B00D078A1 /* Debug */,
				DDB72BA02613275B00D078A1 /* Release */,
			);
			defaultConfigurationIsVisible = 0;
			defaultConfigurationName = Release;
		};
		DDB72BA12613275B00D078A1 /* Build configuration list for PBXNativeTarget "interspace-arkit-poc-browserTests" */ = {
			isa = XCConfigurationList;
			buildConfigurations = (
				DDB72BA22613275B00D078A1 /* Debug */,
				DDB72BA32613275B00D078A1 /* Release */,
			);
			defaultConfigurationIsVisible = 0;
			defaultConfigurationName = Release;
		};
		DDB72BA42613275B00D078A1 /* Build configuration list for PBXNativeTarget "interspace-arkit-poc-browserUITests" */ = {
			isa = XCConfigurationList;
			buildConfigurations = (
				DDB72BA52613275B00D078A1 /* Debug */,
				DDB72BA62613275B00D078A1 /* Release */,
			);
			defaultConfigurationIsVisible = 0;
			defaultConfigurationName = Release;
		};
/* End XCConfigurationList section */
	};
	rootObject = DDB72B6C2613275900D078A1 /* Project object */;
}
